
Microsoft Visual Studio Solution File, Format Version 12.00
# Visual Studio 14
VisualStudioVersion = 14.0.24720.0
MinimumVisualStudioVersion = 10.0.40219.1
Project("{FAE04EC0-301F-11D3-BF4B-00C04F79EFBC}") = "Weapon shop", "Weapon shop\Weapon shop.csproj", "{3670112D-42D2-4689-A8D0-46A8A264A527}"
EndProject
Project("{FAE04EC0-301F-11D3-BF4B-00C04F79EFBC}") = "CodeVendor.Controls", "Grouper\CodeVendor.Controls.csproj", "{D5D88EB0-23B9-46CE-B23C-C6245ECF023C}"
EndProject
Project("{FAE04EC0-301F-11D3-BF4B-00C04F79EFBC}") = "WCSA Service Layer", "WCSA Service Classes\WCSA Service Layer.csproj", "{49C1B352-8665-45A0-AC42-F3FFDC8CDC96}"
EndProject
Project("{FAE04EC0-301F-11D3-BF4B-00C04F79EFBC}") = "WCSA Entity Layer", "WCSA Entity Classes\WCSA Entity Layer.csproj", "{227CDD07-1C1A-4179-A53E-658297F5DC04}"
EndProject
Project("{FAE04EC0-301F-11D3-BF4B-00C04F79EFBC}") = "WCSA Data Source Layer", "WCSA Data Source Layer\WCSA Data Source Layer.csproj", "{CD8D8B17-0F42-493E-A00E-B9760100B9EF}"
EndProject
Project("{FAE04EC0-301F-11D3-BF4B-00C04F79EFBC}") = "DataConnection", "DataConnection\DataConnection.csproj", "{4DE9E26F-2C2D-43B8-B619-2DC5B72ED720}"
EndProject
Global
	GlobalSection(SolutionConfigurationPlatforms) = preSolution
		Debug|Any CPU = Debug|Any CPU
		Release|Any CPU = Release|Any CPU
	EndGlobalSection
	GlobalSection(ProjectConfigurationPlatforms) = postSolution
		{3670112D-42D2-4689-A8D0-46A8A264A527}.Debug|Any CPU.ActiveCfg = Debug|Any CPU
		{3670112D-42D2-4689-A8D0-46A8A264A527}.Debug|Any CPU.Build.0 = Debug|Any CPU
		{3670112D-42D2-4689-A8D0-46A8A264A527}.Release|Any CPU.ActiveCfg = Release|Any CPU
		{3670112D-42D2-4689-A8D0-46A8A264A527}.Release|Any CPU.Build.0 = Release|Any CPU
		{D5D88EB0-23B9-46CE-B23C-C6245ECF023C}.Debug|Any CPU.ActiveCfg = Debug|Any CPU
		{D5D88EB0-23B9-46CE-B23C-C6245ECF023C}.Debug|Any CPU.Build.0 = Debug|Any CPU
		{D5D88EB0-23B9-46CE-B23C-C6245ECF023C}.Release|Any CPU.ActiveCfg = Release|Any CPU
		{D5D88EB0-23B9-46CE-B23C-C6245ECF023C}.Release|Any CPU.Build.0 = Release|Any CPU
		{49C1B352-8665-45A0-AC42-F3FFDC8CDC96}.Debug|Any CPU.ActiveCfg = Debug|Any CPU
		{49C1B352-8665-45A0-AC42-F3FFDC8CDC96}.Debug|Any CPU.Build.0 = Debug|Any CPU
		{49C1B352-8665-45A0-AC42-F3FFDC8CDC96}.Release|Any CPU.ActiveCfg = Release|Any CPU
		{49C1B352-8665-45A0-AC42-F3FFDC8CDC96}.Release|Any CPU.Build.0 = Release|Any CPU
		{227CDD07-1C1A-4179-A53E-658297F5DC04}.Debug|Any CPU.ActiveCfg = Debug|Any CPU
		{227CDD07-1C1A-4179-A53E-658297F5DC04}.Debug|Any CPU.Build.0 = Debug|Any CPU
		{227CDD07-1C1A-4179-A53E-658297F5DC04}.Release|Any CPU.ActiveCfg = Release|Any CPU
		{227CDD07-1C1A-4179-A53E-658297F5DC04}.Release|Any CPU.Build.0 = Release|Any CPU
		{CD8D8B17-0F42-493E-A00E-B9760100B9EF}.Debug|Any CPU.ActiveCfg = Debug|Any CPU
		{CD8D8B17-0F42-493E-A00E-B9760100B9EF}.Debug|Any CPU.Build.0 = Debug|Any CPU
		{CD8D8B17-0F42-493E-A00E-B9760100B9EF}.Release|Any CPU.ActiveCfg = Release|Any CPU
		{CD8D8B17-0F42-493E-A00E-B9760100B9EF}.Release|Any CPU.Build.0 = Release|Any CPU
		{4DE9E26F-2C2D-43B8-B619-2DC5B72ED720}.Debug|Any CPU.ActiveCfg = Debug|Any CPU
		{4DE9E26F-2C2D-43B8-B619-2DC5B72ED720}.Debug|Any CPU.Build.0 = Debug|Any CPU
		{4DE9E26F-2C2D-43B8-B619-2DC5B72ED720}.Release|Any CPU.ActiveCfg = Release|Any CPU
		{4DE9E26F-2C2D-43B8-B619-2DC5B72ED720}.Release|Any CPU.Build.0 = Release|Any CPU
	EndGlobalSection
	GlobalSection(SolutionProperties) = preSolution
		HideSolutionNode = FALSE
	EndGlobalSection
EndGlobal
